
Microsoft Visual Studio Solution File, Format Version 12.00
# Visual Studio Version 16
VisualStudioVersion = 16.0.28803.352
MinimumVisualStudioVersion = 10.0.40219.1
Project("{9A19103F-16F7-4668-BE54-9A1E7A4F7556}") = "Structural_Composite", "Structural_Composite\Structural_Composite.csproj", "{60D1F0B7-0AD2-43D6-AA5A-2BF031F6171C}"
EndProject
Project("{9A19103F-16F7-4668-BE54-9A1E7A4F7556}") = "Structural_Adapter", "Structural_Adapter\Structural_Adapter.csproj", "{92E977AF-50F6-43D8-ADBB-BBF996E65EDD}"
EndProject
Project("{9A19103F-16F7-4668-BE54-9A1E7A4F7556}") = "Structural_Decorator", "Structural_Decorator\Structural_Decorator.csproj", "{EFF75151-D341-4DC6-96B9-45EAE39DCB4C}"
EndProject
Project("{9A19103F-16F7-4668-BE54-9A1E7A4F7556}") = "Structural_Façade", "Structural_Façade\Structural_Façade.csproj", "{A25C1847-B484-451B-B1FB-F784095AD6AD}"
EndProject
Project("{9A19103F-16F7-4668-BE54-9A1E7A4F7556}") = "Structural_Bridge", "Structural_Bridge\Structural_Bridge.csproj", "{F7A5951E-DA89-4CAB-9CDF-2F0AB2BD9C7B}"
EndProject
Project("{9A19103F-16F7-4668-BE54-9A1E7A4F7556}") = "Structural_Proxy", "Structural_Proxy\Structural_Proxy.csproj", "{76238B3C-C89D-409D-BE7C-A59C7CA8F305}"
EndProject
Project("{9A19103F-16F7-4668-BE54-9A1E7A4F7556}") = "Creational.Prototype", "Creational.Prototype\Creational.Prototype.csproj", "{431FF429-ADAC-4ED0-AD43-71A1C4179767}"
EndProject
Project("{2150E333-8FDC-42A3-9474-1A3956D46DE8}") = "Test", "Test", "{8D9D694C-F79F-43D2-827E-A1E27D1B33F2}"
EndProject
Project("{9A19103F-16F7-4668-BE54-9A1E7A4F7556}") = "Creational.Prototype.Test", "Test\Creational.Prototype.Test\Creational.Prototype.Test.csproj", "{5758AAAA-5B4F-41C4-A48F-41BDD28C0DF2}"
EndProject
Project("{9A19103F-16F7-4668-BE54-9A1E7A4F7556}") = "Creational.Singleton", "Creational.Singleton\Creational.Singleton.csproj", "{FEF4825F-2CD3-4E6A-96A7-7FC2CE1E6571}"
EndProject
Project("{9A19103F-16F7-4668-BE54-9A1E7A4F7556}") = "Creational.FactoryMethod", "Creational.FactoryMethod\Creational.FactoryMethod.csproj", "{85C86714-56EE-4D9C-B82B-5D1513E8644A}"
EndProject
Project("{9A19103F-16F7-4668-BE54-9A1E7A4F7556}") = "Creational.AbstractFactory", "Creational.AbstractFactory\Creational.AbstractFactory.csproj", "{9EE54313-6562-40D0-9F64-D1C113BABA04}"
EndProject
Project("{9A19103F-16F7-4668-BE54-9A1E7A4F7556}") = "Creational.Builder", "Creational.Builder\Creational.Builder.csproj", "{8C433FC6-8102-4596-9358-26B475D171B4}"
EndProject
Project("{9A19103F-16F7-4668-BE54-9A1E7A4F7556}") = "Creational.AbstractFactory.Test", "Test\Creational.AbstractFactory.Test\Creational.AbstractFactory.Test.csproj", "{25463661-E213-46CE-A7F9-AF6FF479110D}"
EndProject
Project("{9A19103F-16F7-4668-BE54-9A1E7A4F7556}") = "Creational.Builder.Test", "Test\Creational.Builder.Test\Creational.Builder.Test.csproj", "{5B17AB09-7023-4E8F-9F65-8428A1127C28}"
EndProject
Project("{9A19103F-16F7-4668-BE54-9A1E7A4F7556}") = "Creational.FactoryMethod.Test", "Test\Creational.FactoryMethod.Test\Creational.FactoryMethod.Test.csproj", "{8E0AD292-FDEA-4028-9E56-A4B24E71C12D}"
EndProject
Project("{9A19103F-16F7-4668-BE54-9A1E7A4F7556}") = "Behavioral.Strategy", "Behavioral.Strategy\Behavioral.Strategy.csproj", "{B60A285A-37BF-4C48-8554-03EFA93DF5D6}"
EndProject
Project("{9A19103F-16F7-4668-BE54-9A1E7A4F7556}") = "Behavioral.State", "Behaviorial.State\Behavioral.State.csproj", "{FA23465E-7846-4A3A-8DDD-D70CBA4AF50B}"
EndProject
Project("{FAE04EC0-301F-11D3-BF4B-00C04F79EFBC}") = "Behavioral.TemplateMethod", "Behavioral.TemplateMethod\Behavioral.TemplateMethod.csproj", "{C61DB36C-6AE6-4BC4-9DE4-30BA1BD78AD1}"
EndProject
Project("{FAE04EC0-301F-11D3-BF4B-00C04F79EFBC}") = "Behavioral.ChainOfResponsability", "Behavioral.ChainOfResponsability\Behavioral.ChainOfResponsability.csproj", "{35B91804-3BF4-47DA-B217-0CFCC3188796}"
EndProject
Project("{FAE04EC0-301F-11D3-BF4B-00C04F79EFBC}") = "Behavioral.CahinOfResponsability.Test", "Behavioral.CahinOfResponsability\Behavioral.CahinOfResponsability.Test.csproj", "{3CE03BA4-A69E-4BEB-99EA-6929D97176F5}"
EndProject
Global
	GlobalSection(SolutionConfigurationPlatforms) = preSolution
		Debug|Any CPU = Debug|Any CPU
		Release|Any CPU = Release|Any CPU
	EndGlobalSection
	GlobalSection(ProjectConfigurationPlatforms) = postSolution
		{60D1F0B7-0AD2-43D6-AA5A-2BF031F6171C}.Debug|Any CPU.ActiveCfg = Debug|Any CPU
		{60D1F0B7-0AD2-43D6-AA5A-2BF031F6171C}.Debug|Any CPU.Build.0 = Debug|Any CPU
		{60D1F0B7-0AD2-43D6-AA5A-2BF031F6171C}.Release|Any CPU.ActiveCfg = Release|Any CPU
		{60D1F0B7-0AD2-43D6-AA5A-2BF031F6171C}.Release|Any CPU.Build.0 = Release|Any CPU
		{92E977AF-50F6-43D8-ADBB-BBF996E65EDD}.Debug|Any CPU.ActiveCfg = Debug|Any CPU
		{92E977AF-50F6-43D8-ADBB-BBF996E65EDD}.Debug|Any CPU.Build.0 = Debug|Any CPU
		{92E977AF-50F6-43D8-ADBB-BBF996E65EDD}.Release|Any CPU.ActiveCfg = Release|Any CPU
		{92E977AF-50F6-43D8-ADBB-BBF996E65EDD}.Release|Any CPU.Build.0 = Release|Any CPU
		{EFF75151-D341-4DC6-96B9-45EAE39DCB4C}.Debug|Any CPU.ActiveCfg = Debug|Any CPU
		{EFF75151-D341-4DC6-96B9-45EAE39DCB4C}.Debug|Any CPU.Build.0 = Debug|Any CPU
		{EFF75151-D341-4DC6-96B9-45EAE39DCB4C}.Release|Any CPU.ActiveCfg = Release|Any CPU
		{EFF75151-D341-4DC6-96B9-45EAE39DCB4C}.Release|Any CPU.Build.0 = Release|Any CPU
		{A25C1847-B484-451B-B1FB-F784095AD6AD}.Debug|Any CPU.ActiveCfg = Debug|Any CPU
		{A25C1847-B484-451B-B1FB-F784095AD6AD}.Debug|Any CPU.Build.0 = Debug|Any CPU
		{A25C1847-B484-451B-B1FB-F784095AD6AD}.Release|Any CPU.ActiveCfg = Release|Any CPU
		{A25C1847-B484-451B-B1FB-F784095AD6AD}.Release|Any CPU.Build.0 = Release|Any CPU
		{F7A5951E-DA89-4CAB-9CDF-2F0AB2BD9C7B}.Debug|Any CPU.ActiveCfg = Debug|Any CPU
		{F7A5951E-DA89-4CAB-9CDF-2F0AB2BD9C7B}.Debug|Any CPU.Build.0 = Debug|Any CPU
		{F7A5951E-DA89-4CAB-9CDF-2F0AB2BD9C7B}.Release|Any CPU.ActiveCfg = Release|Any CPU
		{F7A5951E-DA89-4CAB-9CDF-2F0AB2BD9C7B}.Release|Any CPU.Build.0 = Release|Any CPU
		{76238B3C-C89D-409D-BE7C-A59C7CA8F305}.Debug|Any CPU.ActiveCfg = Debug|Any CPU
		{76238B3C-C89D-409D-BE7C-A59C7CA8F305}.Debug|Any CPU.Build.0 = Debug|Any CPU
		{76238B3C-C89D-409D-BE7C-A59C7CA8F305}.Release|Any CPU.ActiveCfg = Release|Any CPU
		{76238B3C-C89D-409D-BE7C-A59C7CA8F305}.Release|Any CPU.Build.0 = Release|Any CPU
		{431FF429-ADAC-4ED0-AD43-71A1C4179767}.Debug|Any CPU.ActiveCfg = Debug|Any CPU
		{431FF429-ADAC-4ED0-AD43-71A1C4179767}.Debug|Any CPU.Build.0 = Debug|Any CPU
		{431FF429-ADAC-4ED0-AD43-71A1C4179767}.Release|Any CPU.ActiveCfg = Release|Any CPU
		{431FF429-ADAC-4ED0-AD43-71A1C4179767}.Release|Any CPU.Build.0 = Release|Any CPU
		{5758AAAA-5B4F-41C4-A48F-41BDD28C0DF2}.Debug|Any CPU.ActiveCfg = Debug|Any CPU
		{5758AAAA-5B4F-41C4-A48F-41BDD28C0DF2}.Debug|Any CPU.Build.0 = Debug|Any CPU
		{5758AAAA-5B4F-41C4-A48F-41BDD28C0DF2}.Release|Any CPU.ActiveCfg = Release|Any CPU
		{5758AAAA-5B4F-41C4-A48F-41BDD28C0DF2}.Release|Any CPU.Build.0 = Release|Any CPU
		{FEF4825F-2CD3-4E6A-96A7-7FC2CE1E6571}.Debug|Any CPU.ActiveCfg = Debug|Any CPU
		{FEF4825F-2CD3-4E6A-96A7-7FC2CE1E6571}.Debug|Any CPU.Build.0 = Debug|Any CPU
		{FEF4825F-2CD3-4E6A-96A7-7FC2CE1E6571}.Release|Any CPU.ActiveCfg = Release|Any CPU
		{FEF4825F-2CD3-4E6A-96A7-7FC2CE1E6571}.Release|Any CPU.Build.0 = Release|Any CPU
		{85C86714-56EE-4D9C-B82B-5D1513E8644A}.Debug|Any CPU.ActiveCfg = Debug|Any CPU
		{85C86714-56EE-4D9C-B82B-5D1513E8644A}.Debug|Any CPU.Build.0 = Debug|Any CPU
		{85C86714-56EE-4D9C-B82B-5D1513E8644A}.Release|Any CPU.ActiveCfg = Release|Any CPU
		{85C86714-56EE-4D9C-B82B-5D1513E8644A}.Release|Any CPU.Build.0 = Release|Any CPU
		{9EE54313-6562-40D0-9F64-D1C113BABA04}.Debug|Any CPU.ActiveCfg = Debug|Any CPU
		{9EE54313-6562-40D0-9F64-D1C113BABA04}.Debug|Any CPU.Build.0 = Debug|Any CPU
		{9EE54313-6562-40D0-9F64-D1C113BABA04}.Release|Any CPU.ActiveCfg = Release|Any CPU
		{9EE54313-6562-40D0-9F64-D1C113BABA04}.Release|Any CPU.Build.0 = Release|Any CPU
		{8C433FC6-8102-4596-9358-26B475D171B4}.Debug|Any CPU.ActiveCfg = Debug|Any CPU
		{8C433FC6-8102-4596-9358-26B475D171B4}.Debug|Any CPU.Build.0 = Debug|Any CPU
		{8C433FC6-8102-4596-9358-26B475D171B4}.Release|Any CPU.ActiveCfg = Release|Any CPU
		{8C433FC6-8102-4596-9358-26B475D171B4}.Release|Any CPU.Build.0 = Release|Any CPU
		{25463661-E213-46CE-A7F9-AF6FF479110D}.Debug|Any CPU.ActiveCfg = Debug|Any CPU
		{25463661-E213-46CE-A7F9-AF6FF479110D}.Debug|Any CPU.Build.0 = Debug|Any CPU
		{25463661-E213-46CE-A7F9-AF6FF479110D}.Release|Any CPU.ActiveCfg = Release|Any CPU
		{25463661-E213-46CE-A7F9-AF6FF479110D}.Release|Any CPU.Build.0 = Release|Any CPU
		{5B17AB09-7023-4E8F-9F65-8428A1127C28}.Debug|Any CPU.ActiveCfg = Debug|Any CPU
		{5B17AB09-7023-4E8F-9F65-8428A1127C28}.Debug|Any CPU.Build.0 = Debug|Any CPU
		{5B17AB09-7023-4E8F-9F65-8428A1127C28}.Release|Any CPU.ActiveCfg = Release|Any CPU
		{5B17AB09-7023-4E8F-9F65-8428A1127C28}.Release|Any CPU.Build.0 = Release|Any CPU
		{8E0AD292-FDEA-4028-9E56-A4B24E71C12D}.Debug|Any CPU.ActiveCfg = Debug|Any CPU
		{8E0AD292-FDEA-4028-9E56-A4B24E71C12D}.Debug|Any CPU.Build.0 = Debug|Any CPU
		{8E0AD292-FDEA-4028-9E56-A4B24E71C12D}.Release|Any CPU.ActiveCfg = Release|Any CPU
		{8E0AD292-FDEA-4028-9E56-A4B24E71C12D}.Release|Any CPU.Build.0 = Release|Any CPU
		{B60A285A-37BF-4C48-8554-03EFA93DF5D6}.Debug|Any CPU.ActiveCfg = Debug|Any CPU
		{B60A285A-37BF-4C48-8554-03EFA93DF5D6}.Debug|Any CPU.Build.0 = Debug|Any CPU
		{B60A285A-37BF-4C48-8554-03EFA93DF5D6}.Release|Any CPU.ActiveCfg = Release|Any CPU
		{B60A285A-37BF-4C48-8554-03EFA93DF5D6}.Release|Any CPU.Build.0 = Release|Any CPU
		{FA23465E-7846-4A3A-8DDD-D70CBA4AF50B}.Debug|Any CPU.ActiveCfg = Debug|Any CPU
		{FA23465E-7846-4A3A-8DDD-D70CBA4AF50B}.Debug|Any CPU.Build.0 = Debug|Any CPU
		{FA23465E-7846-4A3A-8DDD-D70CBA4AF50B}.Release|Any CPU.ActiveCfg = Release|Any CPU
		{FA23465E-7846-4A3A-8DDD-D70CBA4AF50B}.Release|Any CPU.Build.0 = Release|Any CPU
		{C61DB36C-6AE6-4BC4-9DE4-30BA1BD78AD1}.Debug|Any CPU.ActiveCfg = Debug|Any CPU
		{C61DB36C-6AE6-4BC4-9DE4-30BA1BD78AD1}.Debug|Any CPU.Build.0 = Debug|Any CPU
		{C61DB36C-6AE6-4BC4-9DE4-30BA1BD78AD1}.Release|Any CPU.ActiveCfg = Release|Any CPU
		{C61DB36C-6AE6-4BC4-9DE4-30BA1BD78AD1}.Release|Any CPU.Build.0 = Release|Any CPU
		{35B91804-3BF4-47DA-B217-0CFCC3188796}.Debug|Any CPU.ActiveCfg = Debug|Any CPU
		{35B91804-3BF4-47DA-B217-0CFCC3188796}.Debug|Any CPU.Build.0 = Debug|Any CPU
		{35B91804-3BF4-47DA-B217-0CFCC3188796}.Release|Any CPU.ActiveCfg = Release|Any CPU
		{35B91804-3BF4-47DA-B217-0CFCC3188796}.Release|Any CPU.Build.0 = Release|Any CPU
		{3CE03BA4-A69E-4BEB-99EA-6929D97176F5}.Debug|Any CPU.ActiveCfg = Debug|Any CPU
		{3CE03BA4-A69E-4BEB-99EA-6929D97176F5}.Debug|Any CPU.Build.0 = Debug|Any CPU
		{3CE03BA4-A69E-4BEB-99EA-6929D97176F5}.Release|Any CPU.ActiveCfg = Release|Any CPU
		{3CE03BA4-A69E-4BEB-99EA-6929D97176F5}.Release|Any CPU.Build.0 = Release|Any CPU
	EndGlobalSection
	GlobalSection(SolutionProperties) = preSolution
		HideSolutionNode = FALSE
	EndGlobalSection
	GlobalSection(NestedProjects) = preSolution
		{5758AAAA-5B4F-41C4-A48F-41BDD28C0DF2} = {8D9D694C-F79F-43D2-827E-A1E27D1B33F2}
		{25463661-E213-46CE-A7F9-AF6FF479110D} = {8D9D694C-F79F-43D2-827E-A1E27D1B33F2}
		{5B17AB09-7023-4E8F-9F65-8428A1127C28} = {8D9D694C-F79F-43D2-827E-A1E27D1B33F2}
		{8E0AD292-FDEA-4028-9E56-A4B24E71C12D} = {8D9D694C-F79F-43D2-827E-A1E27D1B33F2}
		{3CE03BA4-A69E-4BEB-99EA-6929D97176F5} = {8D9D694C-F79F-43D2-827E-A1E27D1B33F2}
	EndGlobalSection
	GlobalSection(ExtensibilityGlobals) = postSolution
		SolutionGuid = {F46D165D-BB63-4420-86FE-594D16415E6D}
	EndGlobalSection
EndGlobal
